
Microsoft Visual Studio Solution File, Format Version 12.00
# Visual Studio Version 17
VisualStudioVersion = 17.5.33502.453
MinimumVisualStudioVersion = 10.0.40219.1
Project("{FAE04EC0-301F-11D3-BF4B-00C04F79EFBC}") = "RazorPizzeria", "RazorPizzeria.csproj", "{412CADB8-95F6-407B-A909-F9B08CB1511D}"
EndProject
Global
	GlobalSection(SolutionConfigurationPlatforms) = preSolution
		Debug|Any CPU = Debug|Any CPU
		Release|Any CPU = Release|Any CPU
	EndGlobalSection
	GlobalSection(ProjectConfigurationPlatforms) = postSolution
		{412CADB8-95F6-407B-A909-F9B08CB1511D}.Debug|Any CPU.ActiveCfg = Debug|Any CPU
		{412CADB8-95F6-407B-A909-F9B08CB1511D}.Debug|Any CPU.Build.0 = Debug|Any CPU
		{412CADB8-95F6-407B-A909-F9B08CB1511D}.Release|Any CPU.ActiveCfg = Release|Any CPU
		{412CADB8-95F6-407B-A909-F9B08CB1511D}.Release|Any CPU.Build.0 = Release|Any CPU
	EndGlobalSection
	GlobalSection(SolutionProperties) = preSolution
		HideSolutionNode = FALSE
	EndGlobalSection
	GlobalSection(ExtensibilityGlobals) = postSolution
		SolutionGuid = {5FDA323B-3463-42F1-9061-CF11A9455287}
	EndGlobalSection
EndGlobal
